{
  "name": "app",
  "lockfileVersion": 2,
  "requires": true,
  "packages": {
    "": {
      "dependencies": {
        "bootstrap-icons": "^1.9.1"
      },
      "devDependencies": {
        "@types/google.maps": "^3.50.4"
      }
    },
    "node_modules/@types/google.maps": {
      "version": "3.50.4",
      "resolved": "https://registry.npmjs.org/@types/google.maps/-/google.maps-3.50.4.tgz",
      "integrity": "sha512-edePfF9fo29bFdzcNIAS6rM4KnONY5WiZZaTKASfMLQxjdEysJp+RRkzBc71OIjFXd3bWAjriOL/ek1RloJRng==",
      "dev": true
    },
    "node_modules/bootstrap-icons": {
      "version": "1.9.1",
      "resolved": "https://registry.npmjs.org/bootstrap-icons/-/bootstrap-icons-1.9.1.tgz",
      "integrity": "sha512-d4ZkO30MIkAhQ2nNRJqKXJVEQorALGbLWTuRxyCTJF96lRIV6imcgMehWGJUiJMJhglN0o2tqLIeDnMdiQEE9g=="
    }
  },
  "dependencies": {
    "@types/google.maps": {
      "version": "3.50.4",
      "resolved": "https://registry.npmjs.org/@types/google.maps/-/google.maps-3.50.4.tgz",
      "integrity": "sha512-edePfF9fo29bFdzcNIAS6rM4KnONY5WiZZaTKASfMLQxjdEysJp+RRkzBc71OIjFXd3bWAjriOL/ek1RloJRng==",
      "dev": true
    },
    "bootstrap-icons": {
      "version": "1.9.1",
      "resolved": "https://registry.npmjs.org/bootstrap-icons/-/bootstrap-icons-1.9.1.tgz",
      "integrity": "sha512-d4ZkO30MIkAhQ2nNRJqKXJVEQorALGbLWTuRxyCTJF96lRIV6imcgMehWGJUiJMJhglN0o2tqLIeDnMdiQEE9g=="
    }
  }
}
